
Microsoft Visual Studio Solution File, Format Version 12.00
# Visual Studio Version 17
VisualStudioVersion = 17.9.34728.123
MinimumVisualStudioVersion = 10.0.40219.1
Project("{FAE04EC0-301F-11D3-BF4B-00C04F79EFBC}") = "PetFamily.API", "PetFamily.API.csproj", "{0D9215B3-8516-4CC8-A4C6-FF6CBBCA0256}"
	ProjectSection(ProjectDependencies) = postProject
		{31F0EA4B-10EC-4B6D-B3FE-6D142906A3A3} = {31F0EA4B-10EC-4B6D-B3FE-6D142906A3A3}
		{74BE6B89-15C9-47AA-9F6A-088457974DAB} = {74BE6B89-15C9-47AA-9F6A-088457974DAB}
		{B6C27421-EC6C-4AFE-9C53-D133F627D0BD} = {B6C27421-EC6C-4AFE-9C53-D133F627D0BD}
	EndProjectSection
EndProject
Project("{FAE04EC0-301F-11D3-BF4B-00C04F79EFBC}") = "PetFamily.Domain", "..\PetFamily.Domain\PetFamily.Domain.csproj", "{31F0EA4B-10EC-4B6D-B3FE-6D142906A3A3}"
EndProject
Project("{FAE04EC0-301F-11D3-BF4B-00C04F79EFBC}") = "PetFamily.Infrastructure", "..\PetFamily.Infrastructure\PetFamily.Infrastructure.csproj", "{74BE6B89-15C9-47AA-9F6A-088457974DAB}"
	ProjectSection(ProjectDependencies) = postProject
		{B6C27421-EC6C-4AFE-9C53-D133F627D0BD} = {B6C27421-EC6C-4AFE-9C53-D133F627D0BD}
	EndProjectSection
EndProject
Project("{FAE04EC0-301F-11D3-BF4B-00C04F79EFBC}") = "PetFamily.Application", "..\PetFamily.Application\PetFamily.Application.csproj", "{B6C27421-EC6C-4AFE-9C53-D133F627D0BD}"
	ProjectSection(ProjectDependencies) = postProject
		{31F0EA4B-10EC-4B6D-B3FE-6D142906A3A3} = {31F0EA4B-10EC-4B6D-B3FE-6D142906A3A3}
	EndProjectSection
EndProject
Global
	GlobalSection(SolutionConfigurationPlatforms) = preSolution
		Debug|Any CPU = Debug|Any CPU
		Release|Any CPU = Release|Any CPU
	EndGlobalSection
	GlobalSection(ProjectConfigurationPlatforms) = postSolution
		{0D9215B3-8516-4CC8-A4C6-FF6CBBCA0256}.Debug|Any CPU.ActiveCfg = Debug|Any CPU
		{0D9215B3-8516-4CC8-A4C6-FF6CBBCA0256}.Debug|Any CPU.Build.0 = Debug|Any CPU
		{0D9215B3-8516-4CC8-A4C6-FF6CBBCA0256}.Release|Any CPU.ActiveCfg = Release|Any CPU
		{0D9215B3-8516-4CC8-A4C6-FF6CBBCA0256}.Release|Any CPU.Build.0 = Release|Any CPU
		{31F0EA4B-10EC-4B6D-B3FE-6D142906A3A3}.Debug|Any CPU.ActiveCfg = Debug|Any CPU
		{31F0EA4B-10EC-4B6D-B3FE-6D142906A3A3}.Debug|Any CPU.Build.0 = Debug|Any CPU
		{31F0EA4B-10EC-4B6D-B3FE-6D142906A3A3}.Release|Any CPU.ActiveCfg = Release|Any CPU
		{31F0EA4B-10EC-4B6D-B3FE-6D142906A3A3}.Release|Any CPU.Build.0 = Release|Any CPU
		{74BE6B89-15C9-47AA-9F6A-088457974DAB}.Debug|Any CPU.ActiveCfg = Debug|Any CPU
		{74BE6B89-15C9-47AA-9F6A-088457974DAB}.Debug|Any CPU.Build.0 = Debug|Any CPU
		{74BE6B89-15C9-47AA-9F6A-088457974DAB}.Release|Any CPU.ActiveCfg = Release|Any CPU
		{74BE6B89-15C9-47AA-9F6A-088457974DAB}.Release|Any CPU.Build.0 = Release|Any CPU
		{B6C27421-EC6C-4AFE-9C53-D133F627D0BD}.Debug|Any CPU.ActiveCfg = Debug|Any CPU
		{B6C27421-EC6C-4AFE-9C53-D133F627D0BD}.Debug|Any CPU.Build.0 = Debug|Any CPU
		{B6C27421-EC6C-4AFE-9C53-D133F627D0BD}.Release|Any CPU.ActiveCfg = Release|Any CPU
		{B6C27421-EC6C-4AFE-9C53-D133F627D0BD}.Release|Any CPU.Build.0 = Release|Any CPU
	EndGlobalSection
	GlobalSection(SolutionProperties) = preSolution
		HideSolutionNode = FALSE
	EndGlobalSection
	GlobalSection(ExtensibilityGlobals) = postSolution
		SolutionGuid = {31206B26-44C5-4DD2-A2FB-6758243EE3A7}
	EndGlobalSection
EndGlobal
